
Microsoft Visual Studio Solution File, Format Version 12.00
# Visual Studio Version 16
VisualStudioVersion = 16.0.30611.23
MinimumVisualStudioVersion = 10.0.40219.1
Project("{FAE04EC0-301F-11D3-BF4B-00C04F79EFBC}") = "EternalBlue", "EternalBlue\EternalBlue.csproj", "{C005410F-78F0-4CF0-B560-D5E73DC479B1}"
EndProject
Global
	GlobalSection(SolutionConfigurationPlatforms) = preSolution
		Debug|Any CPU = Debug|Any CPU
		Release|Any CPU = Release|Any CPU
	EndGlobalSection
	GlobalSection(ProjectConfigurationPlatforms) = postSolution
		{C005410F-78F0-4CF0-B560-D5E73DC479B1}.Debug|Any CPU.ActiveCfg = Debug|Any CPU
		{C005410F-78F0-4CF0-B560-D5E73DC479B1}.Debug|Any CPU.Build.0 = Debug|Any CPU
		{C005410F-78F0-4CF0-B560-D5E73DC479B1}.Release|Any CPU.ActiveCfg = Release|Any CPU
		{C005410F-78F0-4CF0-B560-D5E73DC479B1}.Release|Any CPU.Build.0 = Release|Any CPU
	EndGlobalSection
	GlobalSection(SolutionProperties) = preSolution
		HideSolutionNode = FALSE
	EndGlobalSection
	GlobalSection(ExtensibilityGlobals) = postSolution
		SolutionGuid = {9B72BB80-0E38-4076-B4A3-CFE9B8A03E5A}
	EndGlobalSection
EndGlobal
